{
  "name": "vue-bulma-tooltip",
  "version": "1.0.4",
  "lockfileVersion": 1,
  "requires": true,
  "dependencies": {
    "classnames": {
      "version": "2.2.6",
      "resolved": "https://registry.npmjs.org/classnames/-/classnames-2.2.6.tgz",
      "integrity": "sha512-JR/iSQOSt+LQIWwrwEzJ9uk0xfN3mTVYMwt1Ir5mUcSN6pU+V4zQFFaJsclJbPuAUQH+yfWef6tm7l1quW3C8Q=="
    },
    "hint.css": {
      "version": "2.5.1",
      "resolved": "https://registry.npmjs.org/hint.css/-/hint.css-2.5.1.tgz",
      "integrity": "sha512-6ks/IZ6sz7l0ySHlMi9wy24uLiwF00fiHm6tZekfoA8NBD67F8OlYDpXnTcpfnoVvBaJtC0bIIwv5/GHWXLl/g=="
    }
  }
}
